
Microsoft Visual Studio Solution File, Format Version 12.00
# Visual Studio 15
VisualStudioVersion = 15.0.28307.572
MinimumVisualStudioVersion = 10.0.40219.1
Project("{FAE04EC0-301F-11D3-BF4B-00C04F79EFBC}") = "SlimDXExamples", "SlimDXExamples\SlimDXExamples.csproj", "{04E5D285-D38E-4D4C-85C1-05F6B21928F5}"
EndProject
Global
	GlobalSection(SolutionConfigurationPlatforms) = preSolution
		Debug|Any CPU = Debug|Any CPU
		Release|Any CPU = Release|Any CPU
	EndGlobalSection
	GlobalSection(ProjectConfigurationPlatforms) = postSolution
		{04E5D285-D38E-4D4C-85C1-05F6B21928F5}.Debug|Any CPU.ActiveCfg = Debug|Any CPU
		{04E5D285-D38E-4D4C-85C1-05F6B21928F5}.Debug|Any CPU.Build.0 = Debug|Any CPU
		{04E5D285-D38E-4D4C-85C1-05F6B21928F5}.Release|Any CPU.ActiveCfg = Release|Any CPU
		{04E5D285-D38E-4D4C-85C1-05F6B21928F5}.Release|Any CPU.Build.0 = Release|Any CPU
	EndGlobalSection
	GlobalSection(SolutionProperties) = preSolution
		HideSolutionNode = FALSE
	EndGlobalSection
	GlobalSection(ExtensibilityGlobals) = postSolution
		SolutionGuid = {E8A4A996-C248-4419-89EB-E8B2BD895B7D}
	EndGlobalSection
EndGlobal
